<Solution>
  <Project Path="Nimbus.Shared/Nimbus.Shared.csproj" />
  <Project Path="Nimbus.Registry.Core/Nimbus.Registry.Core.csproj" />
  <Project Path="Nimbus.Registry/Nimbus.Registry.csproj" />
  <Project Path="Nimbus.Proxy/Nimbus.Proxy.csproj" />
  <Project Path="Nimbus.Cli/Nimbus.Cli.csproj" />
</Solution>
